hash: 5a04d6a8aae3a8cecb57fa084afd31de6c9d0cc203fd6cc6406ec065d6660ea6
updated: 2018-05-10T22:31:42.030557565+07:00
imports:
- name: github.com/graphql-go/graphql
  version: 1e23489041ba90a66f317fe0deccb236a2fff3cb
- name: gopkg.in/mgo.v2
  version: 3f83fa5005286a7fe593b055f0d7771a7dce4655
  subpackages:
  - bson
  - internal/json
  - internal/sasl
  - internal/scram
testImports: []
